
Microsoft Visual Studio Solution File, Format Version 12.00
# Visual Studio Version 17
VisualStudioVersion = 17.3.32804.467
MinimumVisualStudioVersion = 10.0.40219.1
Project("{FAE04EC0-301F-11D3-BF4B-00C04F79EFBC}") = "CRMSharp", "CRMSharp\CRMSharp.csproj", "{44660741-14F6-42C2-9A69-C47770092AEF}"
EndProject
Global
	GlobalSection(SolutionConfigurationPlatforms) = preSolution
		Debug|Any CPU = Debug|Any CPU
		Release|Any CPU = Release|Any CPU
	EndGlobalSection
	GlobalSection(ProjectConfigurationPlatforms) = postSolution
		{44660741-14F6-42C2-9A69-C47770092AEF}.Debug|Any CPU.ActiveCfg = Debug|Any CPU
		{44660741-14F6-42C2-9A69-C47770092AEF}.Debug|Any CPU.Build.0 = Debug|Any CPU
		{44660741-14F6-42C2-9A69-C47770092AEF}.Release|Any CPU.ActiveCfg = Release|Any CPU
		{44660741-14F6-42C2-9A69-C47770092AEF}.Release|Any CPU.Build.0 = Release|Any CPU
	EndGlobalSection
	GlobalSection(SolutionProperties) = preSolution
		HideSolutionNode = FALSE
	EndGlobalSection
	GlobalSection(ExtensibilityGlobals) = postSolution
		SolutionGuid = {DE92EF8F-E8B6-4C33-B305-2AE89F0C8BB8}
	EndGlobalSection
EndGlobal
